// !$*UTF8*$!
{
	archiveVersion = 1;
	classes = {
	};
	objectVersion = 46;
	objects = {

/* Begin PBXBuildFile section */
		2B7A51551CA38134006138B1 /* AppDelegate.swift in Sources */ = {isa = PBXBuildFile; fileRef = 2B7A51541CA38134006138B1 /* AppDelegate.swift */; };
		2B7A51571CA38134006138B1 /* ViewController.swift in Sources */ = {isa = PBXBuildFile; fileRef = 2B7A51561CA38134006138B1 /* ViewController.swift */; };
		2B7A515A1CA38134006138B1 /* Main.storyboard in Resources */ = {isa = PBXBuildFile; fileRef = 2B7A51581CA38134006138B1 /* Main.storyboard */; };
		2B7A515C1CA38135006138B1 /* Assets.xcassets in Resources */ = {isa = PBXBuildFile; fileRef = 2B7A515B1CA38135006138B1 /* Assets.xcassets */; };
		2B7A515F1CA38135006138B1 /* LaunchScreen.storyboard in Resources */ = {isa = PBXBuildFile; fileRef = 2B7A515D1CA38135006138B1 /* LaunchScreen.storyboard */; };
		2B7A51691CA39741006138B1 /* LeanMuscleGrowthViewController.swift in Sources */ = {isa = PBXBuildFile; fileRef = 2B7A51681CA39741006138B1 /* LeanMuscleGrowthViewController.swift */; };
		2BDA980A1D05E724009E5C9C /* GeneralWorkoutViewController.swift in Sources */ = {isa = PBXBuildFile; fileRef = 2BDA98091D05E724009E5C9C /* GeneralWorkoutViewController.swift */; };
		2BDF24991D0751B300B14DB5 /* Untitled.txt in Resources */ = {isa = PBXBuildFile; fileRef = 2BDF24981D0751B300B14DB5 /* Untitled.txt */; };
		2BDF249B1D098FE400B14DB5 /* General2.swift in Sources */ = {isa = PBXBuildFile; fileRef = 2BDF249A1D098FE400B14DB5 /* General2.swift */; };
		2BDF249D1D10339F00B14DB5 /* General3.swift in Sources */ = {isa = PBXBuildFile; fileRef = 2BDF249C1D10339F00B14DB5 /* General3.swift */; };
/* End PBXBuildFile section */

/* Begin PBXFileReference section */
		2B7A51511CA38134006138B1 /* PALGO.app */ = {isa = PBXFileReference; explicitFileType = wrapper.application; includeInIndex = 0; path = PALGO.app; sourceTree = BUILT_PRODUCTS_DIR; };
		2B7A51541CA38134006138B1 /* AppDelegate.swift */ = {isa = PBXFileReference; lastKnownFileType = sourcecode.swift; path = AppDelegate.swift; sourceTree = "<group>"; };
		2B7A51561CA38134006138B1 /* ViewController.swift */ = {isa = PBXFileReference; lastKnownFileType = sourcecode.swift; path = ViewController.swift; sourceTree = "<group>"; };
		2B7A51591CA38134006138B1 /* Base */ = {isa = PBXFileReference; lastKnownFileType = file.storyboard; name = Base; path = Base.lproj/Main.storyboard; sourceTree = "<group>"; };
		2B7A515B1CA38135006138B1 /* Assets.xcassets */ = {isa = PBXFileReference; lastKnownFileType = folder.assetcatalog; path = Assets.xcassets; sourceTree = "<group>"; };
		2B7A515E1CA38135006138B1 /* Base */ = {isa = PBXFileReference; lastKnownFileType = file.storyboard; name = Base; path = Base.lproj/LaunchScreen.storyboard; sourceTree = "<group>"; };
		2B7A51601CA38135006138B1 /* Info.plist */ = {isa = PBXFileReference; lastKnownFileType = text.plist.xml; path = Info.plist; sourceTree = "<group>"; };
		2B7A51681CA39741006138B1 /* LeanMuscleGrowthViewController.swift */ = {isa = PBXFileReference; fileEncoding = 4; lastKnownFileType = sourcecode.swift; path = LeanMuscleGrowthViewController.swift; sourceTree = "<group>"; };
		2BDA98091D05E724009E5C9C /* GeneralWorkoutViewController.swift */ = {isa = PBXFileReference; fileEncoding = 4; lastKnownFileType = sourcecode.swift; path = GeneralWorkoutViewController.swift; sourceTree = "<group>"; };
		2BDF24981D0751B300B14DB5 /* Untitled.txt */ = {isa = PBXFileReference; fileEncoding = 4; lastKnownFileType = text; path = Untitled.txt; sourceTree = "<group>"; };
		2BDF249A1D098FE400B14DB5 /* General2.swift */ = {isa = PBXFileReference; fileEncoding = 4; lastKnownFileType = sourcecode.swift; path = General2.swift; sourceTree = "<group>"; };
		2BDF249C1D10339F00B14DB5 /* General3.swift */ = {isa = PBXFileReference; fileEncoding = 4; lastKnownFileType = sourcecode.swift; path = General3.swift; sourceTree = "<group>"; };
/* End PBXFileReference section */

/* Begin PBXFrameworksBuildPhase section */
		2B7A514E1CA38134006138B1 /* Frameworks */ = {
			isa = PBXFrameworksBuildPhase;
			buildActionMask = 2147483647;
			files = (
			);
			runOnlyForDeploymentPostprocessing = 0;
		};
/* End PBXFrameworksBuildPhase section */

/* Begin PBXGroup section */
		2B7A51481CA38134006138B1 = {
			isa = PBXGroup;
			children = (
				2B7A51531CA38134006138B1 /* PALGO */,
				2B7A51521CA38134006138B1 /* Products */,
			);
			sourceTree = "<group>";
		};
		2B7A51521CA38134006138B1 /* Products */ = {
			isa = PBXGroup;
			children = (
				2B7A51511CA38134006138B1 /* PALGO.app */,
			);
			name = Products;
			sourceTree = "<group>";
		};
		2B7A51531CA38134006138B1 /* PALGO */ = {
			isa = PBXGroup;
			children = (
				2B7A51541CA38134006138B1 /* AppDelegate.swift */,
				2B7A51561CA38134006138B1 /* ViewController.swift */,
				2B7A51681CA39741006138B1 /* LeanMuscleGrowthViewController.swift */,
				2BDA98091D05E724009E5C9C /* GeneralWorkoutViewController.swift */,
				2BDF249A1D098FE400B14DB5 /* General2.swift */,
				2BDF249C1D10339F00B14DB5 /* General3.swift */,
				2B7A51581CA38134006138B1 /* Main.storyboard */,
				2BDF24981D0751B300B14DB5 /* Untitled.txt */,
				2B7A515B1CA38135006138B1 /* Assets.xcassets */,
				2B7A515D1CA38135006138B1 /* LaunchScreen.storyboard */,
				2B7A51601CA38135006138B1 /* Info.plist */,
			);
			path = PALGO;
			sourceTree = "<group>";
		};
/* End PBXGroup section */

/* Begin PBXNativeTarget section */
		2B7A51501CA38134006138B1 /* PALGO */ = {
			isa = PBXNativeTarget;
			buildConfigurationList = 2B7A51631CA38135006138B1 /* Build configuration list for PBXNativeTarget "PALGO" */;
			buildPhases = (
				2B7A514D1CA38134006138B1 /* Sources */,
				2B7A514E1CA38134006138B1 /* Frameworks */,
				2B7A514F1CA38134006138B1 /* Resources */,
			);
			buildRules = (
			);
			dependencies = (
			);
			name = PALGO;
			productName = PALGO;
			productReference = 2B7A51511CA38134006138B1 /* PALGO.app */;
			productType = "com.apple.product-type.application";
		};
/* End PBXNativeTarget section */

/* Begin PBXProject section */
		2B7A51491CA38134006138B1 /* Project object */ = {
			isa = PBXProject;
			attributes = {
				LastSwiftUpdateCheck = 0710;
				LastUpgradeCheck = 0710;
				ORGANIZATIONNAME = SaqlainGolandaz;
				TargetAttributes = {
					2B7A51501CA38134006138B1 = {
						CreatedOnToolsVersion = 7.1;
						DevelopmentTeam = 24A3KJJP42;
					};
				};
			};
			buildConfigurationList = 2B7A514C1CA38134006138B1 /* Build configuration list for PBXProject "PALGO" */;
			compatibilityVersion = "Xcode 3.2";
			developmentRegion = English;
			hasScannedForEncodings = 0;
			knownRegions = (
				en,
				Base,
			);
			mainGroup = 2B7A51481CA38134006138B1;
			productRefGroup = 2B7A51521CA38134006138B1 /* Products */;
			projectDirPath = "";
			projectRoot = "";
			targets = (
				2B7A51501CA38134006138B1 /* PALGO */,
			);
		};
/* End PBXProject section */

/* Begin PBXResourcesBuildPhase section */
		2B7A514F1CA38134006138B1 /* Resources */ = {
			isa = PBXResourcesBuildPhase;
			buildActionMask = 2147483647;
			files = (
				2B7A515F1CA38135006138B1 /* LaunchScreen.storyboard in Resources */,
				2B7A515C1CA38135006138B1 /* Assets.xcassets in Resources */,
				2BDF24991D0751B300B14DB5 /* Untitled.txt in Resources */,
				2B7A515A1CA38134006138B1 /* Main.storyboard in Resources */,
			);
			runOnlyForDeploymentPostprocessing = 0;
		};
/* End PBXResourcesBuildPhase section */

/* Begin PBXSourcesBuildPhase section */
		2B7A514D1CA38134006138B1 /* Sources */ = {
			isa = PBXSourcesBuildPhase;
			buildActionMask = 2147483647;
			files = (
				2B7A51691CA39741006138B1 /* LeanMuscleGrowthViewController.swift in Sources */,
				2BDF249B1D098FE400B14DB5 /* General2.swift in Sources */,
				2BDF249D1D10339F00B14DB5 /* General3.swift in Sources */,
				2BDA980A1D05E724009E5C9C /* GeneralWorkoutViewController.swift in Sources */,
				2B7A51571CA38134006138B1 /* ViewController.swift in Sources */,
				2B7A51551CA38134006138B1 /* AppDelegate.swift in Sources */,
			);
			runOnlyForDeploymentPostprocessing = 0;
		};
/* End PBXSourcesBuildPhase section */

/* Begin PBXVariantGroup section */
		2B7A51581CA38134006138B1 /* Main.storyboard */ = {
			isa = PBXVariantGroup;
			children = (
				2B7A51591CA38134006138B1 /* Base */,
			);
			name = Main.storyboard;
			sourceTree = "<group>";
		};
		2B7A515D1CA38135006138B1 /* LaunchScreen.storyboard */ = {
			isa = PBXVariantGroup;
			children = (
				2B7A515E1CA38135006138B1 /* Base */,
			);
			name = LaunchScreen.storyboard;
			sourceTree = "<group>";
		};
/* End PBXVariantGroup section */

/* Begin XCBuildConfiguration section */
		2B7A51611CA38135006138B1 /* Debug */ = {
			isa = XCBuildConfiguration;
			buildSettings = {
				ALWAYS_SEARCH_USER_PATHS = NO;
				CLANG_CXX_LANGUAGE_STANDARD = "gnu++0x";
				CLANG_CXX_LIBRARY = "libc++";
				CLANG_ENABLE_MODULES = YES;
				CLANG_ENABLE_OBJC_ARC = YES;
				CLANG_WARN_BOOL_CONVERSION = YES;
				CLANG_WARN_CONSTANT_CONVERSION = YES;
				CLANG_WARN_DIRECT_OBJC_ISA_USAGE = YES_ERROR;
				CLANG_WARN_EMPTY_BODY = YES;
				CLANG_WARN_ENUM_CONVERSION = YES;
				CLANG_WARN_INT_CONVERSION = YES;
				CLANG_WARN_OBJC_ROOT_CLASS = YES_ERROR;
				CLANG_WARN_UNREACHABLE_CODE = YES;
				CLANG_WARN__DUPLICATE_METHOD_MATCH = YES;
				"CODE_SIGN_IDENTITY[sdk=iphoneos*]" = "iPhone Developer";
				COPY_PHASE_STRIP = NO;
				DEBUG_INFORMATION_FORMAT = dwarf;
				ENABLE_STRICT_OBJC_MSGSEND = YES;
				ENABLE_TESTABILITY = YES;
				GCC_C_LANGUAGE_STANDARD = gnu99;
				GCC_DYNAMIC_NO_PIC = NO;
				GCC_NO_COMMON_BLOCKS = YES;
				GCC_OPTIMIZATION_LEVEL = 0;
				GCC_PREPROCESSOR_DEFINITIONS = (
					"DEBUG=1",
					"$(inherited)",
				);
				GCC_WARN_64_TO_32_BIT_CONVERSION = YES;
				GCC_WARN_ABOUT_RETURN_TYPE = YES_ERROR;
				GCC_WARN_UNDECLARED_SELECTOR = YES;
				GCC_WARN_UNINITIALIZED_AUTOS = YES_AGGRESSIVE;
				GCC_WARN_UNUSED_FUNCTION = YES;
				GCC_WARN_UNUSED_VARIABLE = YES;
				IPHONEOS_DEPLOYMENT_TARGET = 9.1;
				MTL_ENABLE_DEBUG_INFO = YES;
				ONLY_ACTIVE_ARCH = YES;
				SDKROOT = iphoneos;
				SWIFT_OPTIMIZATION_LEVEL = "-Onone";
				TARGETED_DEVICE_FAMILY = "1,2";
			};
			name = Debug;
		};
		2B7A51621CA38135006138B1 /* Release */ = {
			isa = XCBuildConfiguration;
			buildSettings = {
				ALWAYS_SEARCH_USER_PATHS = NO;
				CLANG_CXX_LANGUAGE_STANDARD = "gnu++0x";
				CLANG_CXX_LIBRARY = "libc++";
				CLANG_ENABLE_MODULES = YES;
				CLANG_ENABLE_OBJC_ARC = YES;
				CLANG_WARN_BOOL_CONVERSION = YES;
				CLANG_WARN_CONSTANT_CONVERSION = YES;
				CLANG_WARN_DIRECT_OBJC_ISA_USAGE = YES_ERROR;
				CLANG_WARN_EMPTY_BODY = YES;
				CLANG_WARN_ENUM_CONVERSION = YES;
				CLANG_WARN_INT_CONVERSION = YES;
				CLANG_WARN_OBJC_ROOT_CLASS = YES_ERROR;
				CLANG_WARN_UNREACHABLE_CODE = YES;
				CLANG_WARN__DUPLICATE_METHOD_MATCH = YES;
				"CODE_SIGN_IDENTITY[sdk=iphoneos*]" = "iPhone Developer";
				COPY_PHASE_STRIP = NO;
				DEBUG_INFORMATION_FORMAT = "dwarf-with-dsym";
				ENABLE_NS_ASSERTIONS = NO;
				ENABLE_STRICT_OBJC_MSGSEND = YES;
				GCC_C_LANGUAGE_STANDARD = gnu99;
				GCC_NO_COMMON_BLOCKS = YES;
				GCC_WARN_64_TO_32_BIT_CONVERSION = YES;
				GCC_WARN_ABOUT_RETURN_TYPE = YES_ERROR;
				GCC_WARN_UNDECLARED_SELECTOR = YES;
				GCC_WARN_UNINITIALIZED_AUTOS = YES_AGGRESSIVE;
				GCC_WARN_UNUSED_FUNCTION = YES;
				GCC_WARN_UNUSED_VARIABLE = YES;
				IPHONEOS_DEPLOYMENT_TARGET = 9.1;
				MTL_ENABLE_DEBUG_INFO = NO;
				SDKROOT = iphoneos;
				TARGETED_DEVICE_FAMILY = "1,2";
				VALIDATE_PRODUCT = YES;
			};
			name = Release;
		};
		2B7A51641CA38135006138B1 /* Debug */ = {
			isa = XCBuildConfiguration;
			buildSettings = {
				ASSETCATALOG_COMPILER_APPICON_NAME = AppIcon;
				INFOPLIST_FILE = PALGO/Info.plist;
				LD_RUNPATH_SEARCH_PATHS = "$(inherited) @executable_path/Frameworks";
				PRODUCT_BUNDLE_IDENTIFIER = com.SaqlainGolandaz.PALGO;
				PRODUCT_NAME = "$(TARGET_NAME)";
			};
			name = Debug;
		};
		2B7A51651CA38135006138B1 /* Release */ = {
			isa = XCBuildConfiguration;
			buildSettings = {
				ASSETCATALOG_COMPILER_APPICON_NAME = AppIcon;
				INFOPLIST_FILE = PALGO/Info.plist;
				LD_RUNPATH_SEARCH_PATHS = "$(inherited) @executable_path/Frameworks";
				PRODUCT_BUNDLE_IDENTIFIER = com.SaqlainGolandaz.PALGO;
				PRODUCT_NAME = "$(TARGET_NAME)";
			};
			name = Release;
		};
/* End XCBuildConfiguration section */

/* Begin XCConfigurationList section */
		2B7A514C1CA38134006138B1 /* Build configuration list for PBXProject "PALGO" */ = {
			isa = XCConfigurationList;
			buildConfigurations = (
				2B7A51611CA38135006138B1 /* Debug */,
				2B7A51621CA38135006138B1 /* Release */,
			);
			defaultConfigurationIsVisible = 0;
			defaultConfigurationName = Release;
		};
		2B7A51631CA38135006138B1 /* Build configuration list for PBXNativeTarget "PALGO" */ = {
			isa = XCConfigurationList;
			buildConfigurations = (
				2B7A51641CA38135006138B1 /* Debug */,
				2B7A51651CA38135006138B1 /* Release */,
			);
			defaultConfigurationIsVisible = 0;
			defaultConfigurationName = Release;
		};
/* End XCConfigurationList section */
	};
	rootObject = 2B7A51491CA38134006138B1 /* Project object */;
}
